
Microsoft Visual Studio Solution File, Format Version 12.00
# Visual Studio 15
VisualStudioVersion = 15.0.26124.0
MinimumVisualStudioVersion = 15.0.26124.0
Project("{FAE04EC0-301F-11D3-BF4B-00C04F79EFBC}") = "httpc", "httpc\httpc.csproj", "{EC1077A8-3749-4615-B9FE-7E89F28D3042}"
EndProject
Project("{FAE04EC0-301F-11D3-BF4B-00C04F79EFBC}") = "httpc.Tests", "httpc.Tests\httpc.Tests.csproj", "{789065C6-5AD9-4D44-BB1C-B3F280635367}"
EndProject
Global
	GlobalSection(SolutionConfigurationPlatforms) = preSolution
		Debug|Any CPU = Debug|Any CPU
		Debug|x64 = Debug|x64
		Debug|x86 = Debug|x86
		Release|Any CPU = Release|Any CPU
		Release|x64 = Release|x64
		Release|x86 = Release|x86
	EndGlobalSection
	GlobalSection(SolutionProperties) = preSolution
		HideSolutionNode = FALSE
	EndGlobalSection
	GlobalSection(ProjectConfigurationPlatforms) = postSolution
		{EC1077A8-3749-4615-B9FE-7E89F28D3042}.Debug|Any CPU.ActiveCfg = Debug|Any CPU
		{EC1077A8-3749-4615-B9FE-7E89F28D3042}.Debug|Any CPU.Build.0 = Debug|Any CPU
		{EC1077A8-3749-4615-B9FE-7E89F28D3042}.Debug|x64.ActiveCfg = Debug|Any CPU
		{EC1077A8-3749-4615-B9FE-7E89F28D3042}.Debug|x64.Build.0 = Debug|Any CPU
		{EC1077A8-3749-4615-B9FE-7E89F28D3042}.Debug|x86.ActiveCfg = Debug|Any CPU
		{EC1077A8-3749-4615-B9FE-7E89F28D3042}.Debug|x86.Build.0 = Debug|Any CPU
		{EC1077A8-3749-4615-B9FE-7E89F28D3042}.Release|Any CPU.ActiveCfg = Release|Any CPU
		{EC1077A8-3749-4615-B9FE-7E89F28D3042}.Release|Any CPU.Build.0 = Release|Any CPU
		{EC1077A8-3749-4615-B9FE-7E89F28D3042}.Release|x64.ActiveCfg = Release|Any CPU
		{EC1077A8-3749-4615-B9FE-7E89F28D3042}.Release|x64.Build.0 = Release|Any CPU
		{EC1077A8-3749-4615-B9FE-7E89F28D3042}.Release|x86.ActiveCfg = Release|Any CPU
		{EC1077A8-3749-4615-B9FE-7E89F28D3042}.Release|x86.Build.0 = Release|Any CPU
		{789065C6-5AD9-4D44-BB1C-B3F280635367}.Debug|Any CPU.ActiveCfg = Debug|Any CPU
		{789065C6-5AD9-4D44-BB1C-B3F280635367}.Debug|Any CPU.Build.0 = Debug|Any CPU
		{789065C6-5AD9-4D44-BB1C-B3F280635367}.Debug|x64.ActiveCfg = Debug|Any CPU
		{789065C6-5AD9-4D44-BB1C-B3F280635367}.Debug|x64.Build.0 = Debug|Any CPU
		{789065C6-5AD9-4D44-BB1C-B3F280635367}.Debug|x86.ActiveCfg = Debug|Any CPU
		{789065C6-5AD9-4D44-BB1C-B3F280635367}.Debug|x86.Build.0 = Debug|Any CPU
		{789065C6-5AD9-4D44-BB1C-B3F280635367}.Release|Any CPU.ActiveCfg = Release|Any CPU
		{789065C6-5AD9-4D44-BB1C-B3F280635367}.Release|Any CPU.Build.0 = Release|Any CPU
		{789065C6-5AD9-4D44-BB1C-B3F280635367}.Release|x64.ActiveCfg = Release|Any CPU
		{789065C6-5AD9-4D44-BB1C-B3F280635367}.Release|x64.Build.0 = Release|Any CPU
		{789065C6-5AD9-4D44-BB1C-B3F280635367}.Release|x86.ActiveCfg = Release|Any CPU
		{789065C6-5AD9-4D44-BB1C-B3F280635367}.Release|x86.Build.0 = Release|Any CPU
	EndGlobalSection
EndGlobal
